
Microsoft Visual Studio Solution File, Format Version 12.00
# Visual Studio Version 17
VisualStudioVersion = 17.8.34316.72
MinimumVisualStudioVersion = 10.0.40219.1
Project("{FAE04EC0-301F-11D3-BF4B-00C04F79EFBC}") = "BlogApi", "BlogApi\BlogApi.csproj", "{BDF2DB7A-D2FD-4351-A03C-5928D410A53E}"
EndProject
Project("{FAE04EC0-301F-11D3-BF4B-00C04F79EFBC}") = "BlogApi.DataAccess", "BlogApi.DataAccess\BlogApi.DataAccess.csproj", "{CED0165F-3301-4D08-B1E6-D3EB95296ECB}"
EndProject
Global
	GlobalSection(SolutionConfigurationPlatforms) = preSolution
		Debug|Any CPU = Debug|Any CPU
		Release|Any CPU = Release|Any CPU
	EndGlobalSection
	GlobalSection(ProjectConfigurationPlatforms) = postSolution
		{BDF2DB7A-D2FD-4351-A03C-5928D410A53E}.Debug|Any CPU.ActiveCfg = Debug|Any CPU
		{BDF2DB7A-D2FD-4351-A03C-5928D410A53E}.Debug|Any CPU.Build.0 = Debug|Any CPU
		{BDF2DB7A-D2FD-4351-A03C-5928D410A53E}.Release|Any CPU.ActiveCfg = Release|Any CPU
		{BDF2DB7A-D2FD-4351-A03C-5928D410A53E}.Release|Any CPU.Build.0 = Release|Any CPU
		{CED0165F-3301-4D08-B1E6-D3EB95296ECB}.Debug|Any CPU.ActiveCfg = Debug|Any CPU
		{CED0165F-3301-4D08-B1E6-D3EB95296ECB}.Debug|Any CPU.Build.0 = Debug|Any CPU
		{CED0165F-3301-4D08-B1E6-D3EB95296ECB}.Release|Any CPU.ActiveCfg = Release|Any CPU
		{CED0165F-3301-4D08-B1E6-D3EB95296ECB}.Release|Any CPU.Build.0 = Release|Any CPU
	EndGlobalSection
	GlobalSection(SolutionProperties) = preSolution
		HideSolutionNode = FALSE
	EndGlobalSection
	GlobalSection(ExtensibilityGlobals) = postSolution
		SolutionGuid = {126510BE-14A1-4D51-A75B-4AE44AB3FA27}
	EndGlobalSection
EndGlobal
